
Microsoft Visual Studio Solution File, Format Version 12.00
# Visual Studio Version 16
VisualStudioVersion = 16.0.30611.23
MinimumVisualStudioVersion = 10.0.40219.1
Project("{FAE04EC0-301F-11D3-BF4B-00C04F79EFBC}") = "Ccd.Bidding.Manager.Win", "Ccd.Bidding.Manager.Win\Ccd.Bidding.Manager.Win.csproj", "{5965C65C-4BEA-4200-9165-D4629AE25D60}"
EndProject
Project("{FAE04EC0-301F-11D3-BF4B-00C04F79EFBC}") = "Ccd.Bidding.Manager.Library", "Ccd.Bidding.Manager.Library\Ccd.Bidding.Manager.Library.csproj", "{9955D542-39D7-470C-97A7-93396C37E1FA}"
EndProject
Project("{9A19103F-16F7-4668-BE54-9A1E7A4F7556}") = "Ccd.Bidding.Manager.Win.Help", "Ccd.Bidding.Manager.Win.Help\Ccd.Bidding.Manager.Win.Help.csproj", "{34FE480A-B05F-47E1-8A7F-3C01CB797487}"
EndProject
Project("{9A19103F-16F7-4668-BE54-9A1E7A4F7556}") = "Ccd.Bidding.Manager.Test", "Ccd.Bidding.Manager.Test\Ccd.Bidding.Manager.Test.csproj", "{11B9803A-C767-46B3-8949-BA8E376742AF}"
	ProjectSection(ProjectDependencies) = postProject
		{9955D542-39D7-470C-97A7-93396C37E1FA} = {9955D542-39D7-470C-97A7-93396C37E1FA}
	EndProjectSection
EndProject
Project("{FAE04EC0-301F-11D3-BF4B-00C04F79EFBC}") = "Ccd.Bidding.Manager.Reporting", "Ccd.Bidding.Manager.Reporting\Ccd.Bidding.Manager.Reporting.csproj", "{6BEE2FA8-E6E3-4AF4-8B9D-8BF7D0E30405}"
EndProject
Global
	GlobalSection(SolutionConfigurationPlatforms) = preSolution
		Debug|Any CPU = Debug|Any CPU
		Release|Any CPU = Release|Any CPU
	EndGlobalSection
	GlobalSection(ProjectConfigurationPlatforms) = postSolution
		{5965C65C-4BEA-4200-9165-D4629AE25D60}.Debug|Any CPU.ActiveCfg = Debug|Any CPU
		{5965C65C-4BEA-4200-9165-D4629AE25D60}.Debug|Any CPU.Build.0 = Debug|Any CPU
		{5965C65C-4BEA-4200-9165-D4629AE25D60}.Release|Any CPU.ActiveCfg = Release|Any CPU
		{5965C65C-4BEA-4200-9165-D4629AE25D60}.Release|Any CPU.Build.0 = Release|Any CPU
		{9955D542-39D7-470C-97A7-93396C37E1FA}.Debug|Any CPU.ActiveCfg = Debug|Any CPU
		{9955D542-39D7-470C-97A7-93396C37E1FA}.Debug|Any CPU.Build.0 = Debug|Any CPU
		{9955D542-39D7-470C-97A7-93396C37E1FA}.Release|Any CPU.ActiveCfg = Release|Any CPU
		{9955D542-39D7-470C-97A7-93396C37E1FA}.Release|Any CPU.Build.0 = Release|Any CPU
		{34FE480A-B05F-47E1-8A7F-3C01CB797487}.Debug|Any CPU.ActiveCfg = Debug|Any CPU
		{34FE480A-B05F-47E1-8A7F-3C01CB797487}.Debug|Any CPU.Build.0 = Debug|Any CPU
		{34FE480A-B05F-47E1-8A7F-3C01CB797487}.Release|Any CPU.ActiveCfg = Release|Any CPU
		{34FE480A-B05F-47E1-8A7F-3C01CB797487}.Release|Any CPU.Build.0 = Release|Any CPU
		{11B9803A-C767-46B3-8949-BA8E376742AF}.Debug|Any CPU.ActiveCfg = Debug|Any CPU
		{11B9803A-C767-46B3-8949-BA8E376742AF}.Debug|Any CPU.Build.0 = Debug|Any CPU
		{11B9803A-C767-46B3-8949-BA8E376742AF}.Release|Any CPU.ActiveCfg = Release|Any CPU
		{11B9803A-C767-46B3-8949-BA8E376742AF}.Release|Any CPU.Build.0 = Release|Any CPU
		{6BEE2FA8-E6E3-4AF4-8B9D-8BF7D0E30405}.Debug|Any CPU.ActiveCfg = Debug|Any CPU
		{6BEE2FA8-E6E3-4AF4-8B9D-8BF7D0E30405}.Debug|Any CPU.Build.0 = Debug|Any CPU
		{6BEE2FA8-E6E3-4AF4-8B9D-8BF7D0E30405}.Release|Any CPU.ActiveCfg = Release|Any CPU
		{6BEE2FA8-E6E3-4AF4-8B9D-8BF7D0E30405}.Release|Any CPU.Build.0 = Release|Any CPU
	EndGlobalSection
	GlobalSection(SolutionProperties) = preSolution
		HideSolutionNode = FALSE
	EndGlobalSection
	GlobalSection(ExtensibilityGlobals) = postSolution
		SolutionGuid = {C0F1F706-7CD3-4CC5-9001-A80047DCF09B}
	EndGlobalSection
EndGlobal
