
Microsoft Visual Studio Solution File, Format Version 12.00
# Visual Studio Version 17
VisualStudioVersion = 17.13.35806.99 d17.13
MinimumVisualStudioVersion = 10.0.40219.1
Project("{FAE04EC0-301F-11D3-BF4B-00C04F79EFBC}") = "OBiddable.Application", "OBiddable.Application\OBiddable.Application.csproj", "{A64CC5BB-E1FD-E15F-3E31-61A1B766E851}"
EndProject
Project("{FAE04EC0-301F-11D3-BF4B-00C04F79EFBC}") = "OBiddable.Library", "OBiddable.Library\OBiddable.Library.csproj", "{5A66882D-3B85-6F93-C66B-539AD10D2410}"
EndProject
Project("{FAE04EC0-301F-11D3-BF4B-00C04F79EFBC}") = "OBiddable.Reporting", "OBiddable.Reporting\OBiddable.Reporting.csproj", "{BB17D3C2-3927-B88C-E009-EB7176022D64}"
EndProject
Project("{FAE04EC0-301F-11D3-BF4B-00C04F79EFBC}") = "OBiddable.Testing", "OBiddable.Testing\OBiddable.Testing.csproj", "{4CD0A8E8-68B8-D9D3-746A-A37A0986A7C4}"
EndProject
Global
	GlobalSection(SolutionConfigurationPlatforms) = preSolution
		Debug|Any CPU = Debug|Any CPU
		Release|Any CPU = Release|Any CPU
	EndGlobalSection
	GlobalSection(ProjectConfigurationPlatforms) = postSolution
		{A64CC5BB-E1FD-E15F-3E31-61A1B766E851}.Debug|Any CPU.ActiveCfg = Debug|Any CPU
		{A64CC5BB-E1FD-E15F-3E31-61A1B766E851}.Debug|Any CPU.Build.0 = Debug|Any CPU
		{A64CC5BB-E1FD-E15F-3E31-61A1B766E851}.Release|Any CPU.ActiveCfg = Release|Any CPU
		{A64CC5BB-E1FD-E15F-3E31-61A1B766E851}.Release|Any CPU.Build.0 = Release|Any CPU
		{5A66882D-3B85-6F93-C66B-539AD10D2410}.Debug|Any CPU.ActiveCfg = Debug|Any CPU
		{5A66882D-3B85-6F93-C66B-539AD10D2410}.Debug|Any CPU.Build.0 = Debug|Any CPU
		{5A66882D-3B85-6F93-C66B-539AD10D2410}.Release|Any CPU.ActiveCfg = Release|Any CPU
		{5A66882D-3B85-6F93-C66B-539AD10D2410}.Release|Any CPU.Build.0 = Release|Any CPU
		{BB17D3C2-3927-B88C-E009-EB7176022D64}.Debug|Any CPU.ActiveCfg = Debug|Any CPU
		{BB17D3C2-3927-B88C-E009-EB7176022D64}.Debug|Any CPU.Build.0 = Debug|Any CPU
		{BB17D3C2-3927-B88C-E009-EB7176022D64}.Release|Any CPU.ActiveCfg = Release|Any CPU
		{BB17D3C2-3927-B88C-E009-EB7176022D64}.Release|Any CPU.Build.0 = Release|Any CPU
		{4CD0A8E8-68B8-D9D3-746A-A37A0986A7C4}.Debug|Any CPU.ActiveCfg = Debug|Any CPU
		{4CD0A8E8-68B8-D9D3-746A-A37A0986A7C4}.Debug|Any CPU.Build.0 = Debug|Any CPU
		{4CD0A8E8-68B8-D9D3-746A-A37A0986A7C4}.Release|Any CPU.ActiveCfg = Release|Any CPU
		{4CD0A8E8-68B8-D9D3-746A-A37A0986A7C4}.Release|Any CPU.Build.0 = Release|Any CPU
	EndGlobalSection
	GlobalSection(SolutionProperties) = preSolution
		HideSolutionNode = FALSE
	EndGlobalSection
	GlobalSection(ExtensibilityGlobals) = postSolution
		SolutionGuid = {6E035FBF-1B1F-4C28-97B4-B44B3600A447}
	EndGlobalSection
EndGlobal
